
Microsoft Visual Studio Solution File, Format Version 12.00
# Visual Studio Version 17
VisualStudioVersion = 17.0.31903.59
MinimumVisualStudioVersion = 10.0.40219.1
Project("{2150E333-8FDC-42A3-9474-1A3956D46DE8}") = "src", "src", "{5331F438-23C0-4A23-B8AB-358CF6B72C4D}"
EndProject
Project("{FAE04EC0-301F-11D3-BF4B-00C04F79EFBC}") = "AuctionService", "src\AuctionService\AuctionService.csproj", "{F3FA80E8-B314-4CBF-AC66-F45F00E83F62}"
EndProject
Project("{FAE04EC0-301F-11D3-BF4B-00C04F79EFBC}") = "SearchService", "src\SearchService\SearchService.csproj", "{CD037316-052C-4D81-93D1-92A281AE9C27}"
EndProject
Project("{FAE04EC0-301F-11D3-BF4B-00C04F79EFBC}") = "Contracts", "src\Contracts\Contracts.csproj", "{A67B4670-A160-435A-AEEB-4788DCB3625D}"
EndProject
Project("{FAE04EC0-301F-11D3-BF4B-00C04F79EFBC}") = "IdentityService", "src\IdentityService\IdentityService.csproj", "{780A56A1-759B-47B5-8C44-C8328E58971C}"
EndProject
Global
	GlobalSection(SolutionConfigurationPlatforms) = preSolution
		Debug|Any CPU = Debug|Any CPU
		Release|Any CPU = Release|Any CPU
	EndGlobalSection
	GlobalSection(SolutionProperties) = preSolution
		HideSolutionNode = FALSE
	EndGlobalSection
	GlobalSection(ProjectConfigurationPlatforms) = postSolution
		{F3FA80E8-B314-4CBF-AC66-F45F00E83F62}.Debug|Any CPU.ActiveCfg = Debug|Any CPU
		{F3FA80E8-B314-4CBF-AC66-F45F00E83F62}.Debug|Any CPU.Build.0 = Debug|Any CPU
		{F3FA80E8-B314-4CBF-AC66-F45F00E83F62}.Release|Any CPU.ActiveCfg = Release|Any CPU
		{F3FA80E8-B314-4CBF-AC66-F45F00E83F62}.Release|Any CPU.Build.0 = Release|Any CPU
		{CD037316-052C-4D81-93D1-92A281AE9C27}.Debug|Any CPU.ActiveCfg = Debug|Any CPU
		{CD037316-052C-4D81-93D1-92A281AE9C27}.Debug|Any CPU.Build.0 = Debug|Any CPU
		{CD037316-052C-4D81-93D1-92A281AE9C27}.Release|Any CPU.ActiveCfg = Release|Any CPU
		{CD037316-052C-4D81-93D1-92A281AE9C27}.Release|Any CPU.Build.0 = Release|Any CPU
		{A67B4670-A160-435A-AEEB-4788DCB3625D}.Debug|Any CPU.ActiveCfg = Debug|Any CPU
		{A67B4670-A160-435A-AEEB-4788DCB3625D}.Debug|Any CPU.Build.0 = Debug|Any CPU
		{A67B4670-A160-435A-AEEB-4788DCB3625D}.Release|Any CPU.ActiveCfg = Release|Any CPU
		{A67B4670-A160-435A-AEEB-4788DCB3625D}.Release|Any CPU.Build.0 = Release|Any CPU
		{780A56A1-759B-47B5-8C44-C8328E58971C}.Debug|Any CPU.ActiveCfg = Debug|Any CPU
		{780A56A1-759B-47B5-8C44-C8328E58971C}.Debug|Any CPU.Build.0 = Debug|Any CPU
		{780A56A1-759B-47B5-8C44-C8328E58971C}.Release|Any CPU.ActiveCfg = Release|Any CPU
		{780A56A1-759B-47B5-8C44-C8328E58971C}.Release|Any CPU.Build.0 = Release|Any CPU
	EndGlobalSection
	GlobalSection(NestedProjects) = preSolution
		{F3FA80E8-B314-4CBF-AC66-F45F00E83F62} = {5331F438-23C0-4A23-B8AB-358CF6B72C4D}
		{CD037316-052C-4D81-93D1-92A281AE9C27} = {5331F438-23C0-4A23-B8AB-358CF6B72C4D}
		{A67B4670-A160-435A-AEEB-4788DCB3625D} = {5331F438-23C0-4A23-B8AB-358CF6B72C4D}
		{780A56A1-759B-47B5-8C44-C8328E58971C} = {5331F438-23C0-4A23-B8AB-358CF6B72C4D}
	EndGlobalSection
EndGlobal
